
Microsoft Visual Studio Solution File, Format Version 12.00
# Visual Studio Version 16
VisualStudioVersion = 16.0.30114.105
MinimumVisualStudioVersion = 10.0.40219.1
Project("{FAE04EC0-301F-11D3-BF4B-00C04F79EFBC}") = "server", "server\server.csproj", "{3FD1539D-AA35-4E55-A382-D59A863C5D06}"
EndProject
Project("{FAE04EC0-301F-11D3-BF4B-00C04F79EFBC}") = "client", "client\client.csproj", "{DD4E87A4-A52E-41FE-921F-BCBD4AC9BCDA}"
EndProject
Global
	GlobalSection(SolutionConfigurationPlatforms) = preSolution
		Debug|Any CPU = Debug|Any CPU
		Debug|x64 = Debug|x64
		Debug|x86 = Debug|x86
		Release|Any CPU = Release|Any CPU
		Release|x64 = Release|x64
		Release|x86 = Release|x86
	EndGlobalSection
	GlobalSection(SolutionProperties) = preSolution
		HideSolutionNode = FALSE
	EndGlobalSection
	GlobalSection(ProjectConfigurationPlatforms) = postSolution
		{3FD1539D-AA35-4E55-A382-D59A863C5D06}.Debug|Any CPU.ActiveCfg = Debug|Any CPU
		{3FD1539D-AA35-4E55-A382-D59A863C5D06}.Debug|Any CPU.Build.0 = Debug|Any CPU
		{3FD1539D-AA35-4E55-A382-D59A863C5D06}.Debug|x64.ActiveCfg = Debug|Any CPU
		{3FD1539D-AA35-4E55-A382-D59A863C5D06}.Debug|x64.Build.0 = Debug|Any CPU
		{3FD1539D-AA35-4E55-A382-D59A863C5D06}.Debug|x86.ActiveCfg = Debug|Any CPU
		{3FD1539D-AA35-4E55-A382-D59A863C5D06}.Debug|x86.Build.0 = Debug|Any CPU
		{3FD1539D-AA35-4E55-A382-D59A863C5D06}.Release|Any CPU.ActiveCfg = Release|Any CPU
		{3FD1539D-AA35-4E55-A382-D59A863C5D06}.Release|Any CPU.Build.0 = Release|Any CPU
		{3FD1539D-AA35-4E55-A382-D59A863C5D06}.Release|x64.ActiveCfg = Release|Any CPU
		{3FD1539D-AA35-4E55-A382-D59A863C5D06}.Release|x64.Build.0 = Release|Any CPU
		{3FD1539D-AA35-4E55-A382-D59A863C5D06}.Release|x86.ActiveCfg = Release|Any CPU
		{3FD1539D-AA35-4E55-A382-D59A863C5D06}.Release|x86.Build.0 = Release|Any CPU
		{DD4E87A4-A52E-41FE-921F-BCBD4AC9BCDA}.Debug|Any CPU.ActiveCfg = Debug|Any CPU
		{DD4E87A4-A52E-41FE-921F-BCBD4AC9BCDA}.Debug|Any CPU.Build.0 = Debug|Any CPU
		{DD4E87A4-A52E-41FE-921F-BCBD4AC9BCDA}.Debug|x64.ActiveCfg = Debug|Any CPU
		{DD4E87A4-A52E-41FE-921F-BCBD4AC9BCDA}.Debug|x64.Build.0 = Debug|Any CPU
		{DD4E87A4-A52E-41FE-921F-BCBD4AC9BCDA}.Debug|x86.ActiveCfg = Debug|Any CPU
		{DD4E87A4-A52E-41FE-921F-BCBD4AC9BCDA}.Debug|x86.Build.0 = Debug|Any CPU
		{DD4E87A4-A52E-41FE-921F-BCBD4AC9BCDA}.Release|Any CPU.ActiveCfg = Release|Any CPU
		{DD4E87A4-A52E-41FE-921F-BCBD4AC9BCDA}.Release|Any CPU.Build.0 = Release|Any CPU
		{DD4E87A4-A52E-41FE-921F-BCBD4AC9BCDA}.Release|x64.ActiveCfg = Release|Any CPU
		{DD4E87A4-A52E-41FE-921F-BCBD4AC9BCDA}.Release|x64.Build.0 = Release|Any CPU
		{DD4E87A4-A52E-41FE-921F-BCBD4AC9BCDA}.Release|x86.ActiveCfg = Release|Any CPU
		{DD4E87A4-A52E-41FE-921F-BCBD4AC9BCDA}.Release|x86.Build.0 = Release|Any CPU
	EndGlobalSection
EndGlobal
